
Microsoft Visual Studio Solution File, Format Version 12.00
# Visual Studio Version 16
VisualStudioVersion = 16.0.31112.61
MinimumVisualStudioVersion = 10.0.40219.1
Project("{FAE04EC0-301F-11D3-BF4B-00C04F79EFBC}") = "StreamableSequence", "StreamableSequence\StreamableSequence.csproj", "{3720F564-22BD-4339-85D5-E66810DA4125}"
EndProject
Global
	GlobalSection(SolutionConfigurationPlatforms) = preSolution
		Debug|Any CPU = Debug|Any CPU
		Release|Any CPU = Release|Any CPU
	EndGlobalSection
	GlobalSection(ProjectConfigurationPlatforms) = postSolution
		{3720F564-22BD-4339-85D5-E66810DA4125}.Debug|Any CPU.ActiveCfg = Debug|Any CPU
		{3720F564-22BD-4339-85D5-E66810DA4125}.Debug|Any CPU.Build.0 = Debug|Any CPU
		{3720F564-22BD-4339-85D5-E66810DA4125}.Release|Any CPU.ActiveCfg = Release|Any CPU
		{3720F564-22BD-4339-85D5-E66810DA4125}.Release|Any CPU.Build.0 = Release|Any CPU
	EndGlobalSection
	GlobalSection(SolutionProperties) = preSolution
		HideSolutionNode = FALSE
	EndGlobalSection
	GlobalSection(ExtensibilityGlobals) = postSolution
		SolutionGuid = {3CA42292-1C6E-428B-A5F4-1A3A1CAE88AC}
	EndGlobalSection
EndGlobal
